
Microsoft Visual Studio Solution File, Format Version 12.00
# Visual Studio Version 16
VisualStudioVersion = 16.0.31229.75
MinimumVisualStudioVersion = 10.0.40219.1
Project("{FAE04EC0-301F-11D3-BF4B-00C04F79EFBC}") = "UniManagement", "Restaurent\UniManagement.csproj", "{A6580D50-C0AF-4DB1-90BD-8E4AE7EC0909}"
EndProject
Project("{FAE04EC0-301F-11D3-BF4B-00C04F79EFBC}") = "UniManagement.ClassLibrary", "Restaurant.ClassLibrary\UniManagement.ClassLibrary.csproj", "{F5CCFA4A-E239-4819-8320-1BA64A5986C9}"
EndProject
Project("{FAE04EC0-301F-11D3-BF4B-00C04F79EFBC}") = "UniPortalModel", "UniPortalModel\UniPortalModel.csproj", "{B8EF3395-FC93-435F-9EC4-754AEEB2B19A}"
EndProject
Project("{FAE04EC0-301F-11D3-BF4B-00C04F79EFBC}") = "UniManagementApi", "UniManagementApi\UniManagementApi.csproj", "{5C9B8B4F-0057-438A-9957-671E7A50EAA2}"
EndProject
Global
	GlobalSection(SolutionConfigurationPlatforms) = preSolution
		Debug|Any CPU = Debug|Any CPU
		Release|Any CPU = Release|Any CPU
	EndGlobalSection
	GlobalSection(ProjectConfigurationPlatforms) = postSolution
		{A6580D50-C0AF-4DB1-90BD-8E4AE7EC0909}.Debug|Any CPU.ActiveCfg = Debug|Any CPU
		{A6580D50-C0AF-4DB1-90BD-8E4AE7EC0909}.Debug|Any CPU.Build.0 = Debug|Any CPU
		{A6580D50-C0AF-4DB1-90BD-8E4AE7EC0909}.Release|Any CPU.ActiveCfg = Release|Any CPU
		{A6580D50-C0AF-4DB1-90BD-8E4AE7EC0909}.Release|Any CPU.Build.0 = Release|Any CPU
		{F5CCFA4A-E239-4819-8320-1BA64A5986C9}.Debug|Any CPU.ActiveCfg = Debug|Any CPU
		{F5CCFA4A-E239-4819-8320-1BA64A5986C9}.Debug|Any CPU.Build.0 = Debug|Any CPU
		{F5CCFA4A-E239-4819-8320-1BA64A5986C9}.Release|Any CPU.ActiveCfg = Release|Any CPU
		{F5CCFA4A-E239-4819-8320-1BA64A5986C9}.Release|Any CPU.Build.0 = Release|Any CPU
		{B8EF3395-FC93-435F-9EC4-754AEEB2B19A}.Debug|Any CPU.ActiveCfg = Debug|Any CPU
		{B8EF3395-FC93-435F-9EC4-754AEEB2B19A}.Debug|Any CPU.Build.0 = Debug|Any CPU
		{B8EF3395-FC93-435F-9EC4-754AEEB2B19A}.Release|Any CPU.ActiveCfg = Release|Any CPU
		{B8EF3395-FC93-435F-9EC4-754AEEB2B19A}.Release|Any CPU.Build.0 = Release|Any CPU
		{5C9B8B4F-0057-438A-9957-671E7A50EAA2}.Debug|Any CPU.ActiveCfg = Debug|Any CPU
		{5C9B8B4F-0057-438A-9957-671E7A50EAA2}.Debug|Any CPU.Build.0 = Debug|Any CPU
		{5C9B8B4F-0057-438A-9957-671E7A50EAA2}.Release|Any CPU.ActiveCfg = Release|Any CPU
		{5C9B8B4F-0057-438A-9957-671E7A50EAA2}.Release|Any CPU.Build.0 = Release|Any CPU
	EndGlobalSection
	GlobalSection(SolutionProperties) = preSolution
		HideSolutionNode = FALSE
	EndGlobalSection
	GlobalSection(ExtensibilityGlobals) = postSolution
		SolutionGuid = {74680AA5-8A0E-43D7-9EB5-28ED42535E3D}
	EndGlobalSection
EndGlobal
